
Microsoft Visual Studio Solution File, Format Version 12.00
# Visual Studio Version 17
VisualStudioVersion = 17.3.32804.467
MinimumVisualStudioVersion = 10.0.40219.1
Project("{9A19103F-16F7-4668-BE54-9A1E7A4F7556}") = "DataCommandCenter.API", "DataCommandCenter.API\DataCommandCenter.API.csproj", "{71650D8C-5A1D-4E86-9690-23A627011ECF}"
EndProject
Project("{9A19103F-16F7-4668-BE54-9A1E7A4F7556}") = "DataCommandCenter.DAL", "DataCommandCenter.DAL\DataCommandCenter.DAL.csproj", "{527E65FE-6604-4C2B-9389-339F666D1F66}"
EndProject
Project("{9A19103F-16F7-4668-BE54-9A1E7A4F7556}") = "DataCommandCenter.Tests", "DataCommandCenter.Tests\DataCommandCenter.Tests.csproj", "{BAE7E547-F839-4700-96E7-8C9148389530}"
EndProject
Project("{54A90642-561A-4BB1-A94E-469ADEE60C69}") = "DataCommandCenter.Web", "DataCommandCenter.Web\DataCommandCenter.Web.esproj", "{E081E570-3989-4EEC-A9D5-629057C14C43}"
EndProject
Project("{54A90642-561A-4BB1-A94E-469ADEE60C69}") = "angularproject1", "angularproject1\angularproject1.esproj", "{9FA44663-B561-40CE-B708-06206D4C758C}"
EndProject
Global
	GlobalSection(SolutionConfigurationPlatforms) = preSolution
		Debug|Any CPU = Debug|Any CPU
		Release|Any CPU = Release|Any CPU
	EndGlobalSection
	GlobalSection(ProjectConfigurationPlatforms) = postSolution
		{71650D8C-5A1D-4E86-9690-23A627011ECF}.Debug|Any CPU.ActiveCfg = Debug|Any CPU
		{71650D8C-5A1D-4E86-9690-23A627011ECF}.Debug|Any CPU.Build.0 = Debug|Any CPU
		{71650D8C-5A1D-4E86-9690-23A627011ECF}.Release|Any CPU.ActiveCfg = Release|Any CPU
		{71650D8C-5A1D-4E86-9690-23A627011ECF}.Release|Any CPU.Build.0 = Release|Any CPU
		{527E65FE-6604-4C2B-9389-339F666D1F66}.Debug|Any CPU.ActiveCfg = Debug|Any CPU
		{527E65FE-6604-4C2B-9389-339F666D1F66}.Debug|Any CPU.Build.0 = Debug|Any CPU
		{527E65FE-6604-4C2B-9389-339F666D1F66}.Release|Any CPU.ActiveCfg = Release|Any CPU
		{527E65FE-6604-4C2B-9389-339F666D1F66}.Release|Any CPU.Build.0 = Release|Any CPU
		{BAE7E547-F839-4700-96E7-8C9148389530}.Debug|Any CPU.ActiveCfg = Debug|Any CPU
		{BAE7E547-F839-4700-96E7-8C9148389530}.Debug|Any CPU.Build.0 = Debug|Any CPU
		{BAE7E547-F839-4700-96E7-8C9148389530}.Release|Any CPU.ActiveCfg = Release|Any CPU
		{BAE7E547-F839-4700-96E7-8C9148389530}.Release|Any CPU.Build.0 = Release|Any CPU
		{E081E570-3989-4EEC-A9D5-629057C14C43}.Debug|Any CPU.ActiveCfg = Debug|Any CPU
		{E081E570-3989-4EEC-A9D5-629057C14C43}.Debug|Any CPU.Build.0 = Debug|Any CPU
		{E081E570-3989-4EEC-A9D5-629057C14C43}.Debug|Any CPU.Deploy.0 = Debug|Any CPU
		{E081E570-3989-4EEC-A9D5-629057C14C43}.Release|Any CPU.ActiveCfg = Release|Any CPU
		{E081E570-3989-4EEC-A9D5-629057C14C43}.Release|Any CPU.Build.0 = Release|Any CPU
		{E081E570-3989-4EEC-A9D5-629057C14C43}.Release|Any CPU.Deploy.0 = Release|Any CPU
		{9FA44663-B561-40CE-B708-06206D4C758C}.Debug|Any CPU.ActiveCfg = Debug|Any CPU
		{9FA44663-B561-40CE-B708-06206D4C758C}.Debug|Any CPU.Build.0 = Debug|Any CPU
		{9FA44663-B561-40CE-B708-06206D4C758C}.Debug|Any CPU.Deploy.0 = Debug|Any CPU
		{9FA44663-B561-40CE-B708-06206D4C758C}.Release|Any CPU.ActiveCfg = Release|Any CPU
		{9FA44663-B561-40CE-B708-06206D4C758C}.Release|Any CPU.Build.0 = Release|Any CPU
		{9FA44663-B561-40CE-B708-06206D4C758C}.Release|Any CPU.Deploy.0 = Release|Any CPU
	EndGlobalSection
	GlobalSection(SolutionProperties) = preSolution
		HideSolutionNode = FALSE
	EndGlobalSection
	GlobalSection(ExtensibilityGlobals) = postSolution
		SolutionGuid = {6E0DE073-9B87-4EBB-A43A-CF949BF0E8B4}
	EndGlobalSection
EndGlobal
